
Microsoft Visual Studio Solution File, Format Version 12.00
# Visual Studio Version 16
VisualStudioVersion = 16.0.29709.97
MinimumVisualStudioVersion = 10.0.40219.1
Project("{FAE04EC0-301F-11D3-BF4B-00C04F79EFBC}") = "a-aspnetcore-rest", "a-aspnetcore-rest.csproj", "{E12065A1-A03D-4773-ABDC-2103DD82376C}"
EndProject
Global
	GlobalSection(SolutionConfigurationPlatforms) = preSolution
		Debug|Any CPU = Debug|Any CPU
		Release|Any CPU = Release|Any CPU
	EndGlobalSection
	GlobalSection(ProjectConfigurationPlatforms) = postSolution
		{E12065A1-A03D-4773-ABDC-2103DD82376C}.Debug|Any CPU.ActiveCfg = Debug|Any CPU
		{E12065A1-A03D-4773-ABDC-2103DD82376C}.Debug|Any CPU.Build.0 = Debug|Any CPU
		{E12065A1-A03D-4773-ABDC-2103DD82376C}.Release|Any CPU.ActiveCfg = Release|Any CPU
		{E12065A1-A03D-4773-ABDC-2103DD82376C}.Release|Any CPU.Build.0 = Release|Any CPU
	EndGlobalSection
	GlobalSection(SolutionProperties) = preSolution
		HideSolutionNode = FALSE
	EndGlobalSection
	GlobalSection(ExtensibilityGlobals) = postSolution
		SolutionGuid = {B69B2A57-005A-4965-8C90-1596E6F3E443}
	EndGlobalSection
EndGlobal
